// !$*UTF8*$!
{
	archiveVersion = 1;
	classes = {
	};
	objectVersion = 48;
	objects = {

/* Begin PBXBuildFile section */
		73265EE226A40C6000598DCC /* DBSphereView.swift in Sources */ = {isa = PBXBuildFile; fileRef = 73265EE126A40C6000598DCC /* DBSphereView.swift */; };
		73265EE326A40C6000598DCC /* DBSphereView.swift in Sources */ = {isa = PBXBuildFile; fileRef = 73265EE126A40C6000598DCC /* DBSphereView.swift */; };
		737C0E971F9A4E8D002D154E /* MatrixCreation.swift in Sources */ = {isa = PBXBuildFile; fileRef = 737C0E961F9A4E8D002D154E /* MatrixCreation.swift */; };
		737C0E991F9A4E9F002D154E /* MatrixConcatenation.swift in Sources */ = {isa = PBXBuildFile; fileRef = 737C0E981F9A4E9F002D154E /* MatrixConcatenation.swift */; };
		7398776E1F96471A006DC997 /* AppDelegate.swift in Sources */ = {isa = PBXBuildFile; fileRef = 7398776D1F96471A006DC997 /* AppDelegate.swift */; };
		739877701F96471A006DC997 /* ViewController.swift in Sources */ = {isa = PBXBuildFile; fileRef = 7398776F1F96471A006DC997 /* ViewController.swift */; };
		739877731F96471A006DC997 /* Main.storyboard in Resources */ = {isa = PBXBuildFile; fileRef = 739877711F96471A006DC997 /* Main.storyboard */; };
		739877751F96471A006DC997 /* Assets.xcassets in Resources */ = {isa = PBXBuildFile; fileRef = 739877741F96471A006DC997 /* Assets.xcassets */; };
		739877781F96471A006DC997 /* LaunchScreen.storyboard in Resources */ = {isa = PBXBuildFile; fileRef = 739877761F96471A006DC997 /* LaunchScreen.storyboard */; };
		739877BC1F97A235006DC997 /* Matrix.swift in Sources */ = {isa = PBXBuildFile; fileRef = 739877921F97A235006DC997 /* Matrix.swift */; };
		739877C71F97A235006DC997 /* MatrixMultiplication.swift in Sources */ = {isa = PBXBuildFile; fileRef = 7398779D1F97A235006DC997 /* MatrixMultiplication.swift */; };
		739877CA1F97A235006DC997 /* MatrixSubscripting.swift in Sources */ = {isa = PBXBuildFile; fileRef = 739877A01F97A235006DC997 /* MatrixSubscripting.swift */; };
		73B8E4831F9B9E1F009903C9 /* DBSphereTagCloud_Framework.h in Headers */ = {isa = PBXBuildFile; fileRef = 73B8E4811F9B9E1F009903C9 /* DBSphereTagCloud_Framework.h */; settings = {ATTRIBUTES = (Public, ); }; };
		73B8E4861F9B9E1F009903C9 /* DBSphereTagCloud_Framework.framework in Frameworks */ = {isa = PBXBuildFile; fileRef = 73B8E47F1F9B9E1F009903C9 /* DBSphereTagCloud_Framework.framework */; };
		73B8E4871F9B9E1F009903C9 /* DBSphereTagCloud_Framework.framework in Embed Frameworks */ = {isa = PBXBuildFile; fileRef = 73B8E47F1F9B9E1F009903C9 /* DBSphereTagCloud_Framework.framework */; settings = {ATTRIBUTES = (CodeSignOnCopy, RemoveHeadersOnCopy, ); }; };
		73B8E48C1F9B9E2F009903C9 /* Matrix.swift in Sources */ = {isa = PBXBuildFile; fileRef = 739877921F97A235006DC997 /* Matrix.swift */; };
		73B8E48D1F9B9E2F009903C9 /* MatrixConcatenation.swift in Sources */ = {isa = PBXBuildFile; fileRef = 737C0E981F9A4E9F002D154E /* MatrixConcatenation.swift */; };
		73B8E48E1F9B9E2F009903C9 /* MatrixCreation.swift in Sources */ = {isa = PBXBuildFile; fileRef = 737C0E961F9A4E8D002D154E /* MatrixCreation.swift */; };
		73B8E48F1F9B9E2F009903C9 /* MatrixMultiplication.swift in Sources */ = {isa = PBXBuildFile; fileRef = 7398779D1F97A235006DC997 /* MatrixMultiplication.swift */; };
		73B8E4901F9B9E2F009903C9 /* MatrixSubscripting.swift in Sources */ = {isa = PBXBuildFile; fileRef = 739877A01F97A235006DC997 /* MatrixSubscripting.swift */; };
		73B8E4941F9B9E3E009903C9 /* Accelerate.framework in Frameworks */ = {isa = PBXBuildFile; fileRef = 73B8E4931F9B9E3B009903C9 /* Accelerate.framework */; };
		73B8E4961F9B9E4B009903C9 /* UIKit.framework in Frameworks */ = {isa = PBXBuildFile; fileRef = 73B8E4951F9B9E46009903C9 /* UIKit.framework */; };
/* End PBXBuildFile section */

/* Begin PBXContainerItemProxy section */
		73B8E4841F9B9E1F009903C9 /* PBXContainerItemProxy */ = {
			isa = PBXContainerItemProxy;
			containerPortal = 739877621F96471A006DC997 /* Project object */;
			proxyType = 1;
			remoteGlobalIDString = 73B8E47E1F9B9E1F009903C9;
			remoteInfo = "DBSphereTagCloud-Framework";
		};
/* End PBXContainerItemProxy section */

/* Begin PBXCopyFilesBuildPhase section */
		73B8E48B1F9B9E1F009903C9 /* Embed Frameworks */ = {
			isa = PBXCopyFilesBuildPhase;
			buildActionMask = 2147483647;
			dstPath = "";
			dstSubfolderSpec = 10;
			files = (
				73B8E4871F9B9E1F009903C9 /* DBSphereTagCloud_Framework.framework in Embed Frameworks */,
			);
			name = "Embed Frameworks";
			runOnlyForDeploymentPostprocessing = 0;
		};
/* End PBXCopyFilesBuildPhase section */

/* Begin PBXFileReference section */
		73265EE126A40C6000598DCC /* DBSphereView.swift */ = {isa = PBXFileReference; fileEncoding = 4; lastKnownFileType = sourcecode.swift; name = DBSphereView.swift; path = ../../Sources/DBSphereTagCloudSwift/DBSphereView.swift; sourceTree = "<group>"; };
		737C0E961F9A4E8D002D154E /* MatrixCreation.swift */ = {isa = PBXFileReference; fileEncoding = 4; lastKnownFileType = sourcecode.swift; path = MatrixCreation.swift; sourceTree = "<group>"; };
		737C0E981F9A4E9F002D154E /* MatrixConcatenation.swift */ = {isa = PBXFileReference; fileEncoding = 4; lastKnownFileType = sourcecode.swift; path = MatrixConcatenation.swift; sourceTree = "<group>"; };
		7398776A1F96471A006DC997 /* DBSphereTagCloud.app */ = {isa = PBXFileReference; explicitFileType = wrapper.application; includeInIndex = 0; path = DBSphereTagCloud.app; sourceTree = BUILT_PRODUCTS_DIR; };
		7398776D1F96471A006DC997 /* AppDelegate.swift */ = {isa = PBXFileReference; lastKnownFileType = sourcecode.swift; path = AppDelegate.swift; sourceTree = "<group>"; };
		7398776F1F96471A006DC997 /* ViewController.swift */ = {isa = PBXFileReference; lastKnownFileType = sourcecode.swift; path = ViewController.swift; sourceTree = "<group>"; };
		739877721F96471A006DC997 /* Base */ = {isa = PBXFileReference; lastKnownFileType = file.storyboard; name = Base; path = Base.lproj/Main.storyboard; sourceTree = "<group>"; };
		739877741F96471A006DC997 /* Assets.xcassets */ = {isa = PBXFileReference; lastKnownFileType = folder.assetcatalog; path = Assets.xcassets; sourceTree = "<group>"; };
		739877771F96471A006DC997 /* Base */ = {isa = PBXFileReference; lastKnownFileType = file.storyboard; name = Base; path = Base.lproj/LaunchScreen.storyboard; sourceTree = "<group>"; };
		739877791F96471A006DC997 /* Info.plist */ = {isa = PBXFileReference; lastKnownFileType = text.plist.xml; path = Info.plist; sourceTree = "<group>"; };
		739877921F97A235006DC997 /* Matrix.swift */ = {isa = PBXFileReference; fileEncoding = 4; lastKnownFileType = sourcecode.swift; path = Matrix.swift; sourceTree = "<group>"; };
		7398779D1F97A235006DC997 /* MatrixMultiplication.swift */ = {isa = PBXFileReference; fileEncoding = 4; lastKnownFileType = sourcecode.swift; path = MatrixMultiplication.swift; sourceTree = "<group>"; };
		739877A01F97A235006DC997 /* MatrixSubscripting.swift */ = {isa = PBXFileReference; fileEncoding = 4; lastKnownFileType = sourcecode.swift; path = MatrixSubscripting.swift; sourceTree = "<group>"; };
		73B8E47F1F9B9E1F009903C9 /* DBSphereTagCloud_Framework.framework */ = {isa = PBXFileReference; explicitFileType = wrapper.framework; includeInIndex = 0; path = DBSphereTagCloud_Framework.framework; sourceTree = BUILT_PRODUCTS_DIR; };
		73B8E4811F9B9E1F009903C9 /* DBSphereTagCloud_Framework.h */ = {isa = PBXFileReference; lastKnownFileType = sourcecode.c.h; path = DBSphereTagCloud_Framework.h; sourceTree = "<group>"; };
		73B8E4821F9B9E1F009903C9 /* Info.plist */ = {isa = PBXFileReference; lastKnownFileType = text.plist.xml; path = Info.plist; sourceTree = "<group>"; };
		73B8E4931F9B9E3B009903C9 /* Accelerate.framework */ = {isa = PBXFileReference; lastKnownFileType = wrapper.framework; name = Accelerate.framework; path = System/Library/Frameworks/Accelerate.framework; sourceTree = SDKROOT; };
		73B8E4951F9B9E46009903C9 /* UIKit.framework */ = {isa = PBXFileReference; lastKnownFileType = wrapper.framework; name = UIKit.framework; path = System/Library/Frameworks/UIKit.framework; sourceTree = SDKROOT; };
/* End PBXFileReference section */

/* Begin PBXFrameworksBuildPhase section */
		739877671F96471A006DC997 /* Frameworks */ = {
			isa = PBXFrameworksBuildPhase;
			buildActionMask = 2147483647;
			files = (
				73B8E4861F9B9E1F009903C9 /* DBSphereTagCloud_Framework.framework in Frameworks */,
			);
			runOnlyForDeploymentPostprocessing = 0;
		};
		73B8E47B1F9B9E1F009903C9 /* Frameworks */ = {
			isa = PBXFrameworksBuildPhase;
			buildActionMask = 2147483647;
			files = (
				73B8E4961F9B9E4B009903C9 /* UIKit.framework in Frameworks */,
				73B8E4941F9B9E3E009903C9 /* Accelerate.framework in Frameworks */,
			);
			runOnlyForDeploymentPostprocessing = 0;
		};
/* End PBXFrameworksBuildPhase section */

/* Begin PBXGroup section */
		739877611F96471A006DC997 = {
			isa = PBXGroup;
			children = (
				739877891F97A235006DC997 /* SwiftNum */,
				7398776C1F96471A006DC997 /* DBSphereTagCloud */,
				73B8E4801F9B9E1F009903C9 /* DBSphereTagCloud-Framework */,
				7398776B1F96471A006DC997 /* Products */,
				73B8E4921F9B9E3B009903C9 /* Frameworks */,
			);
			sourceTree = "<group>";
		};
		7398776B1F96471A006DC997 /* Products */ = {
			isa = PBXGroup;
			children = (
				7398776A1F96471A006DC997 /* DBSphereTagCloud.app */,
				73B8E47F1F9B9E1F009903C9 /* DBSphereTagCloud_Framework.framework */,
			);
			name = Products;
			sourceTree = "<group>";
		};
		7398776C1F96471A006DC997 /* DBSphereTagCloud */ = {
			isa = PBXGroup;
			children = (
				7398776D1F96471A006DC997 /* AppDelegate.swift */,
				7398776F1F96471A006DC997 /* ViewController.swift */,
				739877711F96471A006DC997 /* Main.storyboard */,
				739877741F96471A006DC997 /* Assets.xcassets */,
				739877761F96471A006DC997 /* LaunchScreen.storyboard */,
				739877791F96471A006DC997 /* Info.plist */,
				73265EE126A40C6000598DCC /* DBSphereView.swift */,
			);
			path = DBSphereTagCloud;
			sourceTree = "<group>";
		};
		739877891F97A235006DC997 /* SwiftNum */ = {
			isa = PBXGroup;
			children = (
				7398778E1F97A235006DC997 /* Sources */,
			);
			name = SwiftNum;
			path = ../SwiftNum;
			sourceTree = "<group>";
		};
		7398778E1F97A235006DC997 /* Sources */ = {
			isa = PBXGroup;
			children = (
				739877911F97A235006DC997 /* Linear */,
			);
			path = Sources;
			sourceTree = "<group>";
		};
		739877911F97A235006DC997 /* Linear */ = {
			isa = PBXGroup;
			children = (
				739877921F97A235006DC997 /* Matrix.swift */,
				737C0E981F9A4E9F002D154E /* MatrixConcatenation.swift */,
				737C0E961F9A4E8D002D154E /* MatrixCreation.swift */,
				7398779D1F97A235006DC997 /* MatrixMultiplication.swift */,
				739877A01F97A235006DC997 /* MatrixSubscripting.swift */,
			);
			path = Linear;
			sourceTree = "<group>";
		};
		73B8E4801F9B9E1F009903C9 /* DBSphereTagCloud-Framework */ = {
			isa = PBXGroup;
			children = (
				73B8E4811F9B9E1F009903C9 /* DBSphereTagCloud_Framework.h */,
				73B8E4821F9B9E1F009903C9 /* Info.plist */,
			);
			path = "DBSphereTagCloud-Framework";
			sourceTree = "<group>";
		};
		73B8E4921F9B9E3B009903C9 /* Frameworks */ = {
			isa = PBXGroup;
			children = (
				73B8E4951F9B9E46009903C9 /* UIKit.framework */,
				73B8E4931F9B9E3B009903C9 /* Accelerate.framework */,
			);
			name = Frameworks;
			sourceTree = "<group>";
		};
/* End PBXGroup section */

/* Begin PBXHeadersBuildPhase section */
		73B8E47C1F9B9E1F009903C9 /* Headers */ = {
			isa = PBXHeadersBuildPhase;
			buildActionMask = 2147483647;
			files = (
				73B8E4831F9B9E1F009903C9 /* DBSphereTagCloud_Framework.h in Headers */,
			);
			runOnlyForDeploymentPostprocessing = 0;
		};
/* End PBXHeadersBuildPhase section */

/* Begin PBXNativeTarget section */
		739877691F96471A006DC997 /* DBSphereTagCloud */ = {
			isa = PBXNativeTarget;
			buildConfigurationList = 7398777C1F96471A006DC997 /* Build configuration list for PBXNativeTarget "DBSphereTagCloud" */;
			buildPhases = (
				739877661F96471A006DC997 /* Sources */,
				739877671F96471A006DC997 /* Frameworks */,
				739877681F96471A006DC997 /* Resources */,
				73B8E48B1F9B9E1F009903C9 /* Embed Frameworks */,
			);
			buildRules = (
			);
			dependencies = (
				73B8E4851F9B9E1F009903C9 /* PBXTargetDependency */,
			);
			name = DBSphereTagCloud;
			productName = DBSphereTagCloud;
			productReference = 7398776A1F96471A006DC997 /* DBSphereTagCloud.app */;
			productType = "com.apple.product-type.application";
		};
		73B8E47E1F9B9E1F009903C9 /* DBSphereTagCloud-Framework */ = {
			isa = PBXNativeTarget;
			buildConfigurationList = 73B8E48A1F9B9E1F009903C9 /* Build configuration list for PBXNativeTarget "DBSphereTagCloud-Framework" */;
			buildPhases = (
				73B8E47A1F9B9E1F009903C9 /* Sources */,
				73B8E47B1F9B9E1F009903C9 /* Frameworks */,
				73B8E47C1F9B9E1F009903C9 /* Headers */,
				73B8E47D1F9B9E1F009903C9 /* Resources */,
			);
			buildRules = (
			);
			dependencies = (
			);
			name = "DBSphereTagCloud-Framework";
			productName = "DBSphereTagCloud-Framework";
			productReference = 73B8E47F1F9B9E1F009903C9 /* DBSphereTagCloud_Framework.framework */;
			productType = "com.apple.product-type.framework";
		};
/* End PBXNativeTarget section */

/* Begin PBXProject section */
		739877621F96471A006DC997 /* Project object */ = {
			isa = PBXProject;
			attributes = {
				LastSwiftUpdateCheck = 0900;
				LastUpgradeCheck = 1000;
				ORGANIZATIONNAME = "Aaron Lee";
				TargetAttributes = {
					739877691F96471A006DC997 = {
						CreatedOnToolsVersion = 9.0.1;
						LastSwiftMigration = 1000;
						ProvisioningStyle = Automatic;
					};
					73B8E47E1F9B9E1F009903C9 = {
						CreatedOnToolsVersion = 9.0.1;
						LastSwiftMigration = 1000;
						ProvisioningStyle = Automatic;
					};
				};
			};
			buildConfigurationList = 739877651F96471A006DC997 /* Build configuration list for PBXProject "DBSphereTagCloud" */;
			compatibilityVersion = "Xcode 8.0";
			developmentRegion = en;
			hasScannedForEncodings = 0;
			knownRegions = (
				en,
				Base,
			);
			mainGroup = 739877611F96471A006DC997;
			productRefGroup = 7398776B1F96471A006DC997 /* Products */;
			projectDirPath = "";
			projectRoot = "";
			targets = (
				739877691F96471A006DC997 /* DBSphereTagCloud */,
				73B8E47E1F9B9E1F009903C9 /* DBSphereTagCloud-Framework */,
			);
		};
/* End PBXProject section */

/* Begin PBXResourcesBuildPhase section */
		739877681F96471A006DC997 /* Resources */ = {
			isa = PBXResourcesBuildPhase;
			buildActionMask = 2147483647;
			files = (
				739877781F96471A006DC997 /* LaunchScreen.storyboard in Resources */,
				739877751F96471A006DC997 /* Assets.xcassets in Resources */,
				739877731F96471A006DC997 /* Main.storyboard in Resources */,
			);
			runOnlyForDeploymentPostprocessing = 0;
		};
		73B8E47D1F9B9E1F009903C9 /* Resources */ = {
			isa = PBXResourcesBuildPhase;
			buildActionMask = 2147483647;
			files = (
			);
			runOnlyForDeploymentPostprocessing = 0;
		};
/* End PBXResourcesBuildPhase section */

/* Begin PBXSourcesBuildPhase section */
		739877661F96471A006DC997 /* Sources */ = {
			isa = PBXSourcesBuildPhase;
			buildActionMask = 2147483647;
			files = (
				739877CA1F97A235006DC997 /* MatrixSubscripting.swift in Sources */,
				737C0E971F9A4E8D002D154E /* MatrixCreation.swift in Sources */,
				739877701F96471A006DC997 /* ViewController.swift in Sources */,
				739877BC1F97A235006DC997 /* Matrix.swift in Sources */,
				7398776E1F96471A006DC997 /* AppDelegate.swift in Sources */,
				73265EE226A40C6000598DCC /* DBSphereView.swift in Sources */,
				739877C71F97A235006DC997 /* MatrixMultiplication.swift in Sources */,
				737C0E991F9A4E9F002D154E /* MatrixConcatenation.swift in Sources */,
			);
			runOnlyForDeploymentPostprocessing = 0;
		};
		73B8E47A1F9B9E1F009903C9 /* Sources */ = {
			isa = PBXSourcesBuildPhase;
			buildActionMask = 2147483647;
			files = (
				73B8E48C1F9B9E2F009903C9 /* Matrix.swift in Sources */,
				73B8E48D1F9B9E2F009903C9 /* MatrixConcatenation.swift in Sources */,
				73B8E48E1F9B9E2F009903C9 /* MatrixCreation.swift in Sources */,
				73265EE326A40C6000598DCC /* DBSphereView.swift in Sources */,
				73B8E48F1F9B9E2F009903C9 /* MatrixMultiplication.swift in Sources */,
				73B8E4901F9B9E2F009903C9 /* MatrixSubscripting.swift in Sources */,
			);
			runOnlyForDeploymentPostprocessing = 0;
		};
/* End PBXSourcesBuildPhase section */

/* Begin PBXTargetDependency section */
		73B8E4851F9B9E1F009903C9 /* PBXTargetDependency */ = {
			isa = PBXTargetDependency;
			target = 73B8E47E1F9B9E1F009903C9 /* DBSphereTagCloud-Framework */;
			targetProxy = 73B8E4841F9B9E1F009903C9 /* PBXContainerItemProxy */;
		};
/* End PBXTargetDependency section */

/* Begin PBXVariantGroup section */
		739877711F96471A006DC997 /* Main.storyboard */ = {
			isa = PBXVariantGroup;
			children = (
				739877721F96471A006DC997 /* Base */,
			);
			name = Main.storyboard;
			sourceTree = "<group>";
		};
		739877761F96471A006DC997 /* LaunchScreen.storyboard */ = {
			isa = PBXVariantGroup;
			children = (
				739877771F96471A006DC997 /* Base */,
			);
			name = LaunchScreen.storyboard;
			sourceTree = "<group>";
		};
/* End PBXVariantGroup section */

/* Begin XCBuildConfiguration section */
		7398777A1F96471A006DC997 /* Debug */ = {
			isa = XCBuildConfiguration;
			buildSettings = {
				ALWAYS_SEARCH_USER_PATHS = NO;
				CLANG_ANALYZER_NONNULL = YES;
				CLANG_ANALYZER_NUMBER_OBJECT_CONVERSION = YES_AGGRESSIVE;
				CLANG_CXX_LANGUAGE_STANDARD = "gnu++14";
				CLANG_CXX_LIBRARY = "libc++";
				CLANG_ENABLE_MODULES = YES;
				CLANG_ENABLE_OBJC_ARC = YES;
				CLANG_WARN_BLOCK_CAPTURE_AUTORELEASING = YES;
				CLANG_WARN_BOOL_CONVERSION = YES;
				CLANG_WARN_COMMA = YES;
				CLANG_WARN_CONSTANT_CONVERSION = YES;
				CLANG_WARN_DEPRECATED_OBJC_IMPLEMENTATIONS = YES;
				CLANG_WARN_DIRECT_OBJC_ISA_USAGE = YES_ERROR;
				CLANG_WARN_DOCUMENTATION_COMMENTS = YES;
				CLANG_WARN_EMPTY_BODY = YES;
				CLANG_WARN_ENUM_CONVERSION = YES;
				CLANG_WARN_INFINITE_RECURSION = YES;
				CLANG_WARN_INT_CONVERSION = YES;
				CLANG_WARN_NON_LITERAL_NULL_CONVERSION = YES;
				CLANG_WARN_OBJC_IMPLICIT_RETAIN_SELF = YES;
				CLANG_WARN_OBJC_LITERAL_CONVERSION = YES;
				CLANG_WARN_OBJC_ROOT_CLASS = YES_ERROR;
				CLANG_WARN_RANGE_LOOP_ANALYSIS = YES;
				CLANG_WARN_STRICT_PROTOTYPES = YES;
				CLANG_WARN_SUSPICIOUS_MOVE = YES;
				CLANG_WARN_UNGUARDED_AVAILABILITY = YES_AGGRESSIVE;
				CLANG_WARN_UNREACHABLE_CODE = YES;
				CLANG_WARN__DUPLICATE_METHOD_MATCH = YES;
				CODE_SIGN_IDENTITY = "iPhone Developer";
				COPY_PHASE_STRIP = NO;
				DEBUG_INFORMATION_FORMAT = dwarf;
				ENABLE_STRICT_OBJC_MSGSEND = YES;
				ENABLE_TESTABILITY = YES;
				GCC_C_LANGUAGE_STANDARD = gnu11;
				GCC_DYNAMIC_NO_PIC = NO;
				GCC_NO_COMMON_BLOCKS = YES;
				GCC_OPTIMIZATION_LEVEL = 0;
				GCC_PREPROCESSOR_DEFINITIONS = (
					"DEBUG=1",
					"$(inherited)",
				);
				GCC_WARN_64_TO_32_BIT_CONVERSION = YES;
				GCC_WARN_ABOUT_RETURN_TYPE = YES_ERROR;
				GCC_WARN_UNDECLARED_SELECTOR = YES;
				GCC_WARN_UNINITIALIZED_AUTOS = YES_AGGRESSIVE;
				GCC_WARN_UNUSED_FUNCTION = YES;
				GCC_WARN_UNUSED_VARIABLE = YES;
				MTL_ENABLE_DEBUG_INFO = YES;
				ONLY_ACTIVE_ARCH = YES;
				SDKROOT = iphoneos;
				SWIFT_ACTIVE_COMPILATION_CONDITIONS = DEBUG;
				SWIFT_OPTIMIZATION_LEVEL = "-Onone";
				SWIFT_VERSION = 4.2;
			};
			name = Debug;
		};
		7398777B1F96471A006DC997 /* Release */ = {
			isa = XCBuildConfiguration;
			buildSettings = {
				ALWAYS_SEARCH_USER_PATHS = NO;
				CLANG_ANALYZER_NONNULL = YES;
				CLANG_ANALYZER_NUMBER_OBJECT_CONVERSION = YES_AGGRESSIVE;
				CLANG_CXX_LANGUAGE_STANDARD = "gnu++14";
				CLANG_CXX_LIBRARY = "libc++";
				CLANG_ENABLE_MODULES = YES;
				CLANG_ENABLE_OBJC_ARC = YES;
				CLANG_WARN_BLOCK_CAPTURE_AUTORELEASING = YES;
				CLANG_WARN_BOOL_CONVERSION = YES;
				CLANG_WARN_COMMA = YES;
				CLANG_WARN_CONSTANT_CONVERSION = YES;
				CLANG_WARN_DEPRECATED_OBJC_IMPLEMENTATIONS = YES;
				CLANG_WARN_DIRECT_OBJC_ISA_USAGE = YES_ERROR;
				CLANG_WARN_DOCUMENTATION_COMMENTS = YES;
				CLANG_WARN_EMPTY_BODY = YES;
				CLANG_WARN_ENUM_CONVERSION = YES;
				CLANG_WARN_INFINITE_RECURSION = YES;
				CLANG_WARN_INT_CONVERSION = YES;
				CLANG_WARN_NON_LITERAL_NULL_CONVERSION = YES;
				CLANG_WARN_OBJC_IMPLICIT_RETAIN_SELF = YES;
				CLANG_WARN_OBJC_LITERAL_CONVERSION = YES;
				CLANG_WARN_OBJC_ROOT_CLASS = YES_ERROR;
				CLANG_WARN_RANGE_LOOP_ANALYSIS = YES;
				CLANG_WARN_STRICT_PROTOTYPES = YES;
				CLANG_WARN_SUSPICIOUS_MOVE = YES;
				CLANG_WARN_UNGUARDED_AVAILABILITY = YES_AGGRESSIVE;
				CLANG_WARN_UNREACHABLE_CODE = YES;
				CLANG_WARN__DUPLICATE_METHOD_MATCH = YES;
				CODE_SIGN_IDENTITY = "iPhone Developer";
				COPY_PHASE_STRIP = NO;
				DEBUG_INFORMATION_FORMAT = "dwarf-with-dsym";
				ENABLE_NS_ASSERTIONS = NO;
				ENABLE_STRICT_OBJC_MSGSEND = YES;
				GCC_C_LANGUAGE_STANDARD = gnu11;
				GCC_NO_COMMON_BLOCKS = YES;
				GCC_WARN_64_TO_32_BIT_CONVERSION = YES;
				GCC_WARN_ABOUT_RETURN_TYPE = YES_ERROR;
				GCC_WARN_UNDECLARED_SELECTOR = YES;
				GCC_WARN_UNINITIALIZED_AUTOS = YES_AGGRESSIVE;
				GCC_WARN_UNUSED_FUNCTION = YES;
				GCC_WARN_UNUSED_VARIABLE = YES;
				MTL_ENABLE_DEBUG_INFO = NO;
				SDKROOT = iphoneos;
				SWIFT_OPTIMIZATION_LEVEL = "-Owholemodule";
				SWIFT_VERSION = 4.2;
				VALIDATE_PRODUCT = YES;
			};
			name = Release;
		};
		7398777D1F96471A006DC997 /* Debug */ = {
			isa = XCBuildConfiguration;
			buildSettings = {
				ALWAYS_EMBED_SWIFT_STANDARD_LIBRARIES = YES;
				ASSETCATALOG_COMPILER_APPICON_NAME = AppIcon;
				CODE_SIGN_STYLE = Automatic;
				INFOPLIST_FILE = DBSphereTagCloud/Info.plist;
				LD_RUNPATH_SEARCH_PATHS = "$(inherited) @executable_path/Frameworks";
				PRODUCT_BUNDLE_IDENTIFIER = com.onefatgiraffe.DBSphereTagCloud;
				PRODUCT_NAME = "$(TARGET_NAME)";
				TARGETED_DEVICE_FAMILY = "1,2";
			};
			name = Debug;
		};
		7398777E1F96471A006DC997 /* Release */ = {
			isa = XCBuildConfiguration;
			buildSettings = {
				ALWAYS_EMBED_SWIFT_STANDARD_LIBRARIES = YES;
				ASSETCATALOG_COMPILER_APPICON_NAME = AppIcon;
				CODE_SIGN_STYLE = Automatic;
				INFOPLIST_FILE = DBSphereTagCloud/Info.plist;
				LD_RUNPATH_SEARCH_PATHS = "$(inherited) @executable_path/Frameworks";
				PRODUCT_BUNDLE_IDENTIFIER = com.onefatgiraffe.DBSphereTagCloud;
				PRODUCT_NAME = "$(TARGET_NAME)";
				TARGETED_DEVICE_FAMILY = "1,2";
			};
			name = Release;
		};
		73B8E4881F9B9E1F009903C9 /* Debug */ = {
			isa = XCBuildConfiguration;
			buildSettings = {
				CODE_SIGN_IDENTITY = "";
				CODE_SIGN_STYLE = Automatic;
				CURRENT_PROJECT_VERSION = 1;
				DEFINES_MODULE = YES;
				DYLIB_COMPATIBILITY_VERSION = 1;
				DYLIB_CURRENT_VERSION = 1;
				DYLIB_INSTALL_NAME_BASE = "@rpath";
				INFOPLIST_FILE = "DBSphereTagCloud-Framework/Info.plist";
				INSTALL_PATH = "$(LOCAL_LIBRARY_DIR)/Frameworks";
				IPHONEOS_DEPLOYMENT_TARGET = 8.0;
				LD_RUNPATH_SEARCH_PATHS = "$(inherited) @executable_path/Frameworks @loader_path/Frameworks";
				PRODUCT_BUNDLE_IDENTIFIER = "com.onefatgiraffe.DBSphereTagCloud-Framework";
				PRODUCT_NAME = "$(TARGET_NAME:c99extidentifier)";
				SKIP_INSTALL = YES;
				TARGETED_DEVICE_FAMILY = "1,2";
				VERSIONING_SYSTEM = "apple-generic";
				VERSION_INFO_PREFIX = "";
			};
			name = Debug;
		};
		73B8E4891F9B9E1F009903C9 /* Release */ = {
			isa = XCBuildConfiguration;
			buildSettings = {
				CODE_SIGN_IDENTITY = "";
				CODE_SIGN_STYLE = Automatic;
				CURRENT_PROJECT_VERSION = 1;
				DEFINES_MODULE = YES;
				DYLIB_COMPATIBILITY_VERSION = 1;
				DYLIB_CURRENT_VERSION = 1;
				DYLIB_INSTALL_NAME_BASE = "@rpath";
				INFOPLIST_FILE = "DBSphereTagCloud-Framework/Info.plist";
				INSTALL_PATH = "$(LOCAL_LIBRARY_DIR)/Frameworks";
				IPHONEOS_DEPLOYMENT_TARGET = 8.0;
				LD_RUNPATH_SEARCH_PATHS = "$(inherited) @executable_path/Frameworks @loader_path/Frameworks";
				PRODUCT_BUNDLE_IDENTIFIER = "com.onefatgiraffe.DBSphereTagCloud-Framework";
				PRODUCT_NAME = "$(TARGET_NAME:c99extidentifier)";
				SKIP_INSTALL = YES;
				TARGETED_DEVICE_FAMILY = "1,2";
				VERSIONING_SYSTEM = "apple-generic";
				VERSION_INFO_PREFIX = "";
			};
			name = Release;
		};
/* End XCBuildConfiguration section */

/* Begin XCConfigurationList section */
		739877651F96471A006DC997 /* Build configuration list for PBXProject "DBSphereTagCloud" */ = {
			isa = XCConfigurationList;
			buildConfigurations = (
				7398777A1F96471A006DC997 /* Debug */,
				7398777B1F96471A006DC997 /* Release */,
			);
			defaultConfigurationIsVisible = 0;
			defaultConfigurationName = Release;
		};
		7398777C1F96471A006DC997 /* Build configuration list for PBXNativeTarget "DBSphereTagCloud" */ = {
			isa = XCConfigurationList;
			buildConfigurations = (
				7398777D1F96471A006DC997 /* Debug */,
				7398777E1F96471A006DC997 /* Release */,
			);
			defaultConfigurationIsVisible = 0;
			defaultConfigurationName = Release;
		};
		73B8E48A1F9B9E1F009903C9 /* Build configuration list for PBXNativeTarget "DBSphereTagCloud-Framework" */ = {
			isa = XCConfigurationList;
			buildConfigurations = (
				73B8E4881F9B9E1F009903C9 /* Debug */,
				73B8E4891F9B9E1F009903C9 /* Release */,
			);
			defaultConfigurationIsVisible = 0;
			defaultConfigurationName = Release;
		};
/* End XCConfigurationList section */
	};
	rootObject = 739877621F96471A006DC997 /* Project object */;
}
